
Microsoft Visual Studio Solution File, Format Version 12.00
# Visual Studio 15
VisualStudioVersion = 15.0.27428.2037
MinimumVisualStudioVersion = 10.0.40219.1
Project("{8BC9CEB8-8B4A-11D0-8D11-00A0C91BC942}") = "game", "game\game.vcxproj", "{787255AF-9BBC-4954-A40D-463779C7800C}"
EndProject
Project("{8BC9CEB8-8B4A-11D0-8D11-00A0C91BC942}") = "modelFiles", "modelFiles\modelFiles.vcxproj", "{C158F20C-10C7-41A7-87CD-0D9EE3E7A117}"
EndProject
Project("{8BC9CEB8-8B4A-11D0-8D11-00A0C91BC942}") = "binaryIO", "binaryIO\binaryIO.vcxproj", "{F93548F4-15E9-483F-8961-740E95F8DBB1}"
EndProject
Project("{8BC9CEB8-8B4A-11D0-8D11-00A0C91BC942}") = "shaderClassGenerator", "shaderClassGenerator\shaderClassGenerator.vcxproj", "{C94DED7E-2A5B-4A00-95A5-96AEB87C761D}"
EndProject
Global
	GlobalSection(SolutionConfigurationPlatforms) = preSolution
		Debug|x64 = Debug|x64
		Debug|x86 = Debug|x86
		Release|x64 = Release|x64
		Release|x86 = Release|x86
	EndGlobalSection
	GlobalSection(ProjectConfigurationPlatforms) = postSolution
		{787255AF-9BBC-4954-A40D-463779C7800C}.Debug|x64.ActiveCfg = Debug|x64
		{787255AF-9BBC-4954-A40D-463779C7800C}.Debug|x64.Build.0 = Debug|x64
		{787255AF-9BBC-4954-A40D-463779C7800C}.Debug|x86.ActiveCfg = Debug|Win32
		{787255AF-9BBC-4954-A40D-463779C7800C}.Debug|x86.Build.0 = Debug|Win32
		{787255AF-9BBC-4954-A40D-463779C7800C}.Release|x64.ActiveCfg = Debug|x64
		{787255AF-9BBC-4954-A40D-463779C7800C}.Release|x64.Build.0 = Debug|x64
		{787255AF-9BBC-4954-A40D-463779C7800C}.Release|x86.ActiveCfg = Debug|x64
		{787255AF-9BBC-4954-A40D-463779C7800C}.Release|x86.Build.0 = Debug|x64
		{C158F20C-10C7-41A7-87CD-0D9EE3E7A117}.Debug|x64.ActiveCfg = Debug|x64
		{C158F20C-10C7-41A7-87CD-0D9EE3E7A117}.Debug|x64.Build.0 = Debug|x64
		{C158F20C-10C7-41A7-87CD-0D9EE3E7A117}.Debug|x86.ActiveCfg = Debug|Win32
		{C158F20C-10C7-41A7-87CD-0D9EE3E7A117}.Debug|x86.Build.0 = Debug|Win32
		{C158F20C-10C7-41A7-87CD-0D9EE3E7A117}.Release|x64.ActiveCfg = Debug|x64
		{C158F20C-10C7-41A7-87CD-0D9EE3E7A117}.Release|x64.Build.0 = Debug|x64
		{C158F20C-10C7-41A7-87CD-0D9EE3E7A117}.Release|x86.ActiveCfg = Debug|x64
		{C158F20C-10C7-41A7-87CD-0D9EE3E7A117}.Release|x86.Build.0 = Debug|x64
		{F93548F4-15E9-483F-8961-740E95F8DBB1}.Debug|x64.ActiveCfg = Debug|x64
		{F93548F4-15E9-483F-8961-740E95F8DBB1}.Debug|x64.Build.0 = Debug|x64
		{F93548F4-15E9-483F-8961-740E95F8DBB1}.Debug|x86.ActiveCfg = Debug|Win32
		{F93548F4-15E9-483F-8961-740E95F8DBB1}.Debug|x86.Build.0 = Debug|Win32
		{F93548F4-15E9-483F-8961-740E95F8DBB1}.Release|x64.ActiveCfg = Debug|x64
		{F93548F4-15E9-483F-8961-740E95F8DBB1}.Release|x64.Build.0 = Debug|x64
		{F93548F4-15E9-483F-8961-740E95F8DBB1}.Release|x86.ActiveCfg = Debug|x64
		{F93548F4-15E9-483F-8961-740E95F8DBB1}.Release|x86.Build.0 = Debug|x64
		{C94DED7E-2A5B-4A00-95A5-96AEB87C761D}.Debug|x64.ActiveCfg = Debug|x64
		{C94DED7E-2A5B-4A00-95A5-96AEB87C761D}.Debug|x64.Build.0 = Debug|x64
		{C94DED7E-2A5B-4A00-95A5-96AEB87C761D}.Debug|x86.ActiveCfg = Debug|Win32
		{C94DED7E-2A5B-4A00-95A5-96AEB87C761D}.Debug|x86.Build.0 = Debug|Win32
		{C94DED7E-2A5B-4A00-95A5-96AEB87C761D}.Release|x64.ActiveCfg = Debug|x64
		{C94DED7E-2A5B-4A00-95A5-96AEB87C761D}.Release|x64.Build.0 = Debug|x64
		{C94DED7E-2A5B-4A00-95A5-96AEB87C761D}.Release|x86.ActiveCfg = Debug|x64
		{C94DED7E-2A5B-4A00-95A5-96AEB87C761D}.Release|x86.Build.0 = Debug|x64
	EndGlobalSection
	GlobalSection(SolutionProperties) = preSolution
		HideSolutionNode = FALSE
	EndGlobalSection
	GlobalSection(ExtensibilityGlobals) = postSolution
		SolutionGuid = {9B4D91E9-61D4-4C18-8943-F1DD83C2DE37}
	EndGlobalSection
EndGlobal
